
Microsoft Visual Studio Solution File, Format Version 12.00
# Visual Studio Version 17
VisualStudioVersion = 17.14.36301.6
MinimumVisualStudioVersion = 10.0.40219.1
Project("{2150E333-8FDC-42A3-9474-1A3956D46DE8}") = "UserRegistrationSystemProject", "UserRegistrationSystemProject", "{02EA681E-C7D8-13C7-8484-4AC65E1B71E8}"
EndProject
Project("{FAE04EC0-301F-11D3-BF4B-00C04F79EFBC}") = "UserRegistrationSystem", "UserRegistrationSystem\UserRegistrationSystem.csproj", "{E4407506-A8ED-4C30-A936-A62A39161D6B}"
EndProject
Project("{FAE04EC0-301F-11D3-BF4B-00C04F79EFBC}") = "UserRegistrationSystem.Tests", "UserRegistrationSystem.Tests\UserRegistrationSystem.Tests.csproj", "{204067C0-7F54-4B78-9451-026087FFE73D}"
EndProject
Project("{2150E333-8FDC-42A3-9474-1A3956D46DE8}") = "Solution Items", "Solution Items", "{8EC462FD-D22E-90A8-E5CE-7E832BA40C5D}"
	ProjectSection(SolutionItems) = preProject
		.gitignore = .gitignore
	EndProjectSection
EndProject
Global
	GlobalSection(SolutionConfigurationPlatforms) = preSolution
		Debug|Any CPU = Debug|Any CPU
		Release|Any CPU = Release|Any CPU
	EndGlobalSection
	GlobalSection(ProjectConfigurationPlatforms) = postSolution
		{E4407506-A8ED-4C30-A936-A62A39161D6B}.Debug|Any CPU.ActiveCfg = Debug|Any CPU
		{E4407506-A8ED-4C30-A936-A62A39161D6B}.Debug|Any CPU.Build.0 = Debug|Any CPU
		{E4407506-A8ED-4C30-A936-A62A39161D6B}.Release|Any CPU.ActiveCfg = Release|Any CPU
		{E4407506-A8ED-4C30-A936-A62A39161D6B}.Release|Any CPU.Build.0 = Release|Any CPU
		{204067C0-7F54-4B78-9451-026087FFE73D}.Debug|Any CPU.ActiveCfg = Debug|Any CPU
		{204067C0-7F54-4B78-9451-026087FFE73D}.Debug|Any CPU.Build.0 = Debug|Any CPU
		{204067C0-7F54-4B78-9451-026087FFE73D}.Release|Any CPU.ActiveCfg = Release|Any CPU
		{204067C0-7F54-4B78-9451-026087FFE73D}.Release|Any CPU.Build.0 = Release|Any CPU
	EndGlobalSection
	GlobalSection(SolutionProperties) = preSolution
		HideSolutionNode = FALSE
	EndGlobalSection
	GlobalSection(NestedProjects) = preSolution
		{E4407506-A8ED-4C30-A936-A62A39161D6B} = {02EA681E-C7D8-13C7-8484-4AC65E1B71E8}
		{204067C0-7F54-4B78-9451-026087FFE73D} = {02EA681E-C7D8-13C7-8484-4AC65E1B71E8}
	EndGlobalSection
	GlobalSection(ExtensibilityGlobals) = postSolution
		SolutionGuid = {F2FAEA1D-D23F-4DE7-9F75-8847B2072592}
	EndGlobalSection
EndGlobal
